
Microsoft Visual Studio Solution File, Format Version 12.00
# Visual Studio 15
VisualStudioVersion = 15.0.27428.2037
MinimumVisualStudioVersion = 10.0.40219.1
Project("{FAE04EC0-301F-11D3-BF4B-00C04F79EFBC}") = "TCC_Hero", "TCC_Hero\TCC_Hero.csproj", "{B9C01E70-B4B8-4EA2-A850-36AC4724A5EC}"
EndProject
Global
	GlobalSection(SolutionConfigurationPlatforms) = preSolution
		Debug|Any CPU = Debug|Any CPU
		Release|Any CPU = Release|Any CPU
	EndGlobalSection
	GlobalSection(ProjectConfigurationPlatforms) = postSolution
		{B9C01E70-B4B8-4EA2-A850-36AC4724A5EC}.Debug|Any CPU.ActiveCfg = Debug|Any CPU
		{B9C01E70-B4B8-4EA2-A850-36AC4724A5EC}.Debug|Any CPU.Build.0 = Debug|Any CPU
		{B9C01E70-B4B8-4EA2-A850-36AC4724A5EC}.Release|Any CPU.ActiveCfg = Release|Any CPU
		{B9C01E70-B4B8-4EA2-A850-36AC4724A5EC}.Release|Any CPU.Build.0 = Release|Any CPU
	EndGlobalSection
	GlobalSection(SolutionProperties) = preSolution
		HideSolutionNode = FALSE
	EndGlobalSection
	GlobalSection(ExtensibilityGlobals) = postSolution
		SolutionGuid = {8F82582D-3A1D-446C-AAF8-52AFF264F1A8}
	EndGlobalSection
EndGlobal
